// !$*UTF8*$!
{
	archiveVersion = 1;
	classes = {
	};
	objectVersion = 50;
	objects = {

/* Begin PBXBuildFile section */
		5534FDE624ED627100088055 /* AppDelegate.swift in Sources */ = {isa = PBXBuildFile; fileRef = 5534FDE524ED627100088055 /* AppDelegate.swift */; };
		5534FDE824ED627100088055 /* SceneDelegate.swift in Sources */ = {isa = PBXBuildFile; fileRef = 5534FDE724ED627100088055 /* SceneDelegate.swift */; };
		5534FDEA24ED627100088055 /* ViewController.swift in Sources */ = {isa = PBXBuildFile; fileRef = 5534FDE924ED627100088055 /* ViewController.swift */; };
		5534FDED24ED627100088055 /* Main.storyboard in Resources */ = {isa = PBXBuildFile; fileRef = 5534FDEB24ED627100088055 /* Main.storyboard */; };
		5534FDF024ED627100088055 /* Air.xcdatamodeld in Sources */ = {isa = PBXBuildFile; fileRef = 5534FDEE24ED627100088055 /* Air.xcdatamodeld */; };
		5534FDF224ED627300088055 /* Assets.xcassets in Resources */ = {isa = PBXBuildFile; fileRef = 5534FDF124ED627300088055 /* Assets.xcassets */; };
		5534FDF524ED627300088055 /* LaunchScreen.storyboard in Resources */ = {isa = PBXBuildFile; fileRef = 5534FDF324ED627300088055 /* LaunchScreen.storyboard */; };
/* End PBXBuildFile section */

/* Begin PBXFileReference section */
		5534FDE224ED627100088055 /* Air.app */ = {isa = PBXFileReference; explicitFileType = wrapper.application; includeInIndex = 0; path = Air.app; sourceTree = BUILT_PRODUCTS_DIR; };
		5534FDE524ED627100088055 /* AppDelegate.swift */ = {isa = PBXFileReference; lastKnownFileType = sourcecode.swift; path = AppDelegate.swift; sourceTree = "<group>"; };
		5534FDE724ED627100088055 /* SceneDelegate.swift */ = {isa = PBXFileReference; lastKnownFileType = sourcecode.swift; path = SceneDelegate.swift; sourceTree = "<group>"; };
		5534FDE924ED627100088055 /* ViewController.swift */ = {isa = PBXFileReference; lastKnownFileType = sourcecode.swift; path = ViewController.swift; sourceTree = "<group>"; };
		5534FDEC24ED627100088055 /* Base */ = {isa = PBXFileReference; lastKnownFileType = file.storyboard; name = Base; path = Base.lproj/Main.storyboard; sourceTree = "<group>"; };
		5534FDEF24ED627100088055 /* Air.xcdatamodel */ = {isa = PBXFileReference; lastKnownFileType = wrapper.xcdatamodel; path = Air.xcdatamodel; sourceTree = "<group>"; };
		5534FDF124ED627300088055 /* Assets.xcassets */ = {isa = PBXFileReference; lastKnownFileType = folder.assetcatalog; path = Assets.xcassets; sourceTree = "<group>"; };
		5534FDF424ED627300088055 /* Base */ = {isa = PBXFileReference; lastKnownFileType = file.storyboard; name = Base; path = Base.lproj/LaunchScreen.storyboard; sourceTree = "<group>"; };
		5534FDF624ED627300088055 /* Info.plist */ = {isa = PBXFileReference; lastKnownFileType = text.plist.xml; path = Info.plist; sourceTree = "<group>"; };
/* End PBXFileReference section */

/* Begin PBXFrameworksBuildPhase section */
		5534FDDF24ED627100088055 /* Frameworks */ = {
			isa = PBXFrameworksBuildPhase;
			buildActionMask = 2147483647;
			files = (
			);
			runOnlyForDeploymentPostprocessing = 0;
		};
/* End PBXFrameworksBuildPhase section */

/* Begin PBXGroup section */
		5534FDD924ED627100088055 = {
			isa = PBXGroup;
			children = (
				5534FDE424ED627100088055 /* Air */,
				5534FDE324ED627100088055 /* Products */,
			);
			sourceTree = "<group>";
		};
		5534FDE324ED627100088055 /* Products */ = {
			isa = PBXGroup;
			children = (
				5534FDE224ED627100088055 /* Air.app */,
			);
			name = Products;
			sourceTree = "<group>";
		};
		5534FDE424ED627100088055 /* Air */ = {
			isa = PBXGroup;
			children = (
				5534FDE524ED627100088055 /* AppDelegate.swift */,
				5534FDE724ED627100088055 /* SceneDelegate.swift */,
				5534FDE924ED627100088055 /* ViewController.swift */,
				5534FDEB24ED627100088055 /* Main.storyboard */,
				5534FDF124ED627300088055 /* Assets.xcassets */,
				5534FDF324ED627300088055 /* LaunchScreen.storyboard */,
				5534FDF624ED627300088055 /* Info.plist */,
				5534FDEE24ED627100088055 /* Air.xcdatamodeld */,
			);
			path = Air;
			sourceTree = "<group>";
		};
/* End PBXGroup section */

/* Begin PBXNativeTarget section */
		5534FDE124ED627100088055 /* Air */ = {
			isa = PBXNativeTarget;
			buildConfigurationList = 5534FDF924ED627300088055 /* Build configuration list for PBXNativeTarget "Air" */;
			buildPhases = (
				5534FDDE24ED627100088055 /* Sources */,
				5534FDDF24ED627100088055 /* Frameworks */,
				5534FDE024ED627100088055 /* Resources */,
			);
			buildRules = (
			);
			dependencies = (
			);
			name = Air;
			productName = Air;
			productReference = 5534FDE224ED627100088055 /* Air.app */;
			productType = "com.apple.product-type.application";
		};
/* End PBXNativeTarget section */

/* Begin PBXProject section */
		5534FDDA24ED627100088055 /* Project object */ = {
			isa = PBXProject;
			attributes = {
				LastSwiftUpdateCheck = 1160;
				LastUpgradeCheck = 1160;
				ORGANIZATIONNAME = "Gokul Nair";
				TargetAttributes = {
					5534FDE124ED627100088055 = {
						CreatedOnToolsVersion = 11.6;
					};
				};
			};
			buildConfigurationList = 5534FDDD24ED627100088055 /* Build configuration list for PBXProject "Air" */;
			compatibilityVersion = "Xcode 9.3";
			developmentRegion = en;
			hasScannedForEncodings = 0;
			knownRegions = (
				en,
				Base,
			);
			mainGroup = 5534FDD924ED627100088055;
			productRefGroup = 5534FDE324ED627100088055 /* Products */;
			projectDirPath = "";
			projectRoot = "";
			targets = (
				5534FDE124ED627100088055 /* Air */,
			);
		};
/* End PBXProject section */

/* Begin PBXResourcesBuildPhase section */
		5534FDE024ED627100088055 /* Resources */ = {
			isa = PBXResourcesBuildPhase;
			buildActionMask = 2147483647;
			files = (
				5534FDF524ED627300088055 /* LaunchScreen.storyboard in Resources */,
				5534FDF224ED627300088055 /* Assets.xcassets in Resources */,
				5534FDED24ED627100088055 /* Main.storyboard in Resources */,
			);
			runOnlyForDeploymentPostprocessing = 0;
		};
/* End PBXResourcesBuildPhase section */

/* Begin PBXSourcesBuildPhase section */
		5534FDDE24ED627100088055 /* Sources */ = {
			isa = PBXSourcesBuildPhase;
			buildActionMask = 2147483647;
			files = (
				5534FDF024ED627100088055 /* Air.xcdatamodeld in Sources */,
				5534FDEA24ED627100088055 /* ViewController.swift in Sources */,
				5534FDE624ED627100088055 /* AppDelegate.swift in Sources */,
				5534FDE824ED627100088055 /* SceneDelegate.swift in Sources */,
			);
			runOnlyForDeploymentPostprocessing = 0;
		};
/* End PBXSourcesBuildPhase section */

/* Begin PBXVariantGroup section */
		5534FDEB24ED627100088055 /* Main.storyboard */ = {
			isa = PBXVariantGroup;
			children = (
				5534FDEC24ED627100088055 /* Base */,
			);
			name = Main.storyboard;
			sourceTree = "<group>";
		};
		5534FDF324ED627300088055 /* LaunchScreen.storyboard */ = {
			isa = PBXVariantGroup;
			children = (
				5534FDF424ED627300088055 /* Base */,
			);
			name = LaunchScreen.storyboard;
			sourceTree = "<group>";
		};
/* End PBXVariantGroup section */

/* Begin XCBuildConfiguration section */
		5534FDF724ED627300088055 /* Debug */ = {
			isa = XCBuildConfiguration;
			buildSettings = {
				ALWAYS_SEARCH_USER_PATHS = NO;
				CLANG_ANALYZER_NONNULL = YES;
				CLANG_ANALYZER_NUMBER_OBJECT_CONVERSION = YES_AGGRESSIVE;
				CLANG_CXX_LANGUAGE_STANDARD = "gnu++14";
				CLANG_CXX_LIBRARY = "libc++";
				CLANG_ENABLE_MODULES = YES;
				CLANG_ENABLE_OBJC_ARC = YES;
				CLANG_ENABLE_OBJC_WEAK = YES;
				CLANG_WARN_BLOCK_CAPTURE_AUTORELEASING = YES;
				CLANG_WARN_BOOL_CONVERSION = YES;
				CLANG_WARN_COMMA = YES;
				CLANG_WARN_CONSTANT_CONVERSION = YES;
				CLANG_WARN_DEPRECATED_OBJC_IMPLEMENTATIONS = YES;
				CLANG_WARN_DIRECT_OBJC_ISA_USAGE = YES_ERROR;
				CLANG_WARN_DOCUMENTATION_COMMENTS = YES;
				CLANG_WARN_EMPTY_BODY = YES;
				CLANG_WARN_ENUM_CONVERSION = YES;
				CLANG_WARN_INFINITE_RECURSION = YES;
				CLANG_WARN_INT_CONVERSION = YES;
				CLANG_WARN_NON_LITERAL_NULL_CONVERSION = YES;
				CLANG_WARN_OBJC_IMPLICIT_RETAIN_SELF = YES;
				CLANG_WARN_OBJC_LITERAL_CONVERSION = YES;
				CLANG_WARN_OBJC_ROOT_CLASS = YES_ERROR;
				CLANG_WARN_RANGE_LOOP_ANALYSIS = YES;
				CLANG_WARN_STRICT_PROTOTYPES = YES;
				CLANG_WARN_SUSPICIOUS_MOVE = YES;
				CLANG_WARN_UNGUARDED_AVAILABILITY = YES_AGGRESSIVE;
				CLANG_WARN_UNREACHABLE_CODE = YES;
				CLANG_WARN__DUPLICATE_METHOD_MATCH = YES;
				COPY_PHASE_STRIP = NO;
				DEBUG_INFORMATION_FORMAT = dwarf;
				ENABLE_STRICT_OBJC_MSGSEND = YES;
				ENABLE_TESTABILITY = YES;
				GCC_C_LANGUAGE_STANDARD = gnu11;
				GCC_DYNAMIC_NO_PIC = NO;
				GCC_NO_COMMON_BLOCKS = YES;
				GCC_OPTIMIZATION_LEVEL = 0;
				GCC_PREPROCESSOR_DEFINITIONS = (
					"DEBUG=1",
					"$(inherited)",
				);
				GCC_WARN_64_TO_32_BIT_CONVERSION = YES;
				GCC_WARN_ABOUT_RETURN_TYPE = YES_ERROR;
				GCC_WARN_UNDECLARED_SELECTOR = YES;
				GCC_WARN_UNINITIALIZED_AUTOS = YES_AGGRESSIVE;
				GCC_WARN_UNUSED_FUNCTION = YES;
				GCC_WARN_UNUSED_VARIABLE = YES;
				IPHONEOS_DEPLOYMENT_TARGET = 13.6;
				MTL_ENABLE_DEBUG_INFO = INCLUDE_SOURCE;
				MTL_FAST_MATH = YES;
				ONLY_ACTIVE_ARCH = YES;
				SDKROOT = iphoneos;
				SWIFT_ACTIVE_COMPILATION_CONDITIONS = DEBUG;
				SWIFT_OPTIMIZATION_LEVEL = "-Onone";
			};
			name = Debug;
		};
		5534FDF824ED627300088055 /* Release */ = {
			isa = XCBuildConfiguration;
			buildSettings = {
				ALWAYS_SEARCH_USER_PATHS = NO;
				CLANG_ANALYZER_NONNULL = YES;
				CLANG_ANALYZER_NUMBER_OBJECT_CONVERSION = YES_AGGRESSIVE;
				CLANG_CXX_LANGUAGE_STANDARD = "gnu++14";
				CLANG_CXX_LIBRARY = "libc++";
				CLANG_ENABLE_MODULES = YES;
				CLANG_ENABLE_OBJC_ARC = YES;
				CLANG_ENABLE_OBJC_WEAK = YES;
				CLANG_WARN_BLOCK_CAPTURE_AUTORELEASING = YES;
				CLANG_WARN_BOOL_CONVERSION = YES;
				CLANG_WARN_COMMA = YES;
				CLANG_WARN_CONSTANT_CONVERSION = YES;
				CLANG_WARN_DEPRECATED_OBJC_IMPLEMENTATIONS = YES;
				CLANG_WARN_DIRECT_OBJC_ISA_USAGE = YES_ERROR;
				CLANG_WARN_DOCUMENTATION_COMMENTS = YES;
				CLANG_WARN_EMPTY_BODY = YES;
				CLANG_WARN_ENUM_CONVERSION = YES;
				CLANG_WARN_INFINITE_RECURSION = YES;
				CLANG_WARN_INT_CONVERSION = YES;
				CLANG_WARN_NON_LITERAL_NULL_CONVERSION = YES;
				CLANG_WARN_OBJC_IMPLICIT_RETAIN_SELF = YES;
				CLANG_WARN_OBJC_LITERAL_CONVERSION = YES;
				CLANG_WARN_OBJC_ROOT_CLASS = YES_ERROR;
				CLANG_WARN_RANGE_LOOP_ANALYSIS = YES;
				CLANG_WARN_STRICT_PROTOTYPES = YES;
				CLANG_WARN_SUSPICIOUS_MOVE = YES;
				CLANG_WARN_UNGUARDED_AVAILABILITY = YES_AGGRESSIVE;
				CLANG_WARN_UNREACHABLE_CODE = YES;
				CLANG_WARN__DUPLICATE_METHOD_MATCH = YES;
				COPY_PHASE_STRIP = NO;
				DEBUG_INFORMATION_FORMAT = "dwarf-with-dsym";
				ENABLE_NS_ASSERTIONS = NO;
				ENABLE_STRICT_OBJC_MSGSEND = YES;
				GCC_C_LANGUAGE_STANDARD = gnu11;
				GCC_NO_COMMON_BLOCKS = YES;
				GCC_WARN_64_TO_32_BIT_CONVERSION = YES;
				GCC_WARN_ABOUT_RETURN_TYPE = YES_ERROR;
				GCC_WARN_UNDECLARED_SELECTOR = YES;
				GCC_WARN_UNINITIALIZED_AUTOS = YES_AGGRESSIVE;
				GCC_WARN_UNUSED_FUNCTION = YES;
				GCC_WARN_UNUSED_VARIABLE = YES;
				IPHONEOS_DEPLOYMENT_TARGET = 13.6;
				MTL_ENABLE_DEBUG_INFO = NO;
				MTL_FAST_MATH = YES;
				SDKROOT = iphoneos;
				SWIFT_COMPILATION_MODE = wholemodule;
				SWIFT_OPTIMIZATION_LEVEL = "-O";
				VALIDATE_PRODUCT = YES;
			};
			name = Release;
		};
		5534FDFA24ED627300088055 /* Debug */ = {
			isa = XCBuildConfiguration;
			buildSettings = {
				ASSETCATALOG_COMPILER_APPICON_NAME = AppIcon;
				CODE_SIGN_STYLE = Automatic;
				DEVELOPMENT_TEAM = GJM8829Q7N;
				INFOPLIST_FILE = Air/Info.plist;
				LD_RUNPATH_SEARCH_PATHS = (
					"$(inherited)",
					"@executable_path/Frameworks",
				);
				PRODUCT_BUNDLE_IDENTIFIER = com.gokulnair.Air;
				PRODUCT_NAME = "$(TARGET_NAME)";
				SWIFT_VERSION = 5.0;
				TARGETED_DEVICE_FAMILY = "1,2";
			};
			name = Debug;
		};
		5534FDFB24ED627300088055 /* Release */ = {
			isa = XCBuildConfiguration;
			buildSettings = {
				ASSETCATALOG_COMPILER_APPICON_NAME = AppIcon;
				CODE_SIGN_STYLE = Automatic;
				DEVELOPMENT_TEAM = GJM8829Q7N;
				INFOPLIST_FILE = Air/Info.plist;
				LD_RUNPATH_SEARCH_PATHS = (
					"$(inherited)",
					"@executable_path/Frameworks",
				);
				PRODUCT_BUNDLE_IDENTIFIER = com.gokulnair.Air;
				PRODUCT_NAME = "$(TARGET_NAME)";
				SWIFT_VERSION = 5.0;
				TARGETED_DEVICE_FAMILY = "1,2";
			};
			name = Release;
		};
/* End XCBuildConfiguration section */

/* Begin XCConfigurationList section */
		5534FDDD24ED627100088055 /* Build configuration list for PBXProject "Air" */ = {
			isa = XCConfigurationList;
			buildConfigurations = (
				5534FDF724ED627300088055 /* Debug */,
				5534FDF824ED627300088055 /* Release */,
			);
			defaultConfigurationIsVisible = 0;
			defaultConfigurationName = Release;
		};
		5534FDF924ED627300088055 /* Build configuration list for PBXNativeTarget "Air" */ = {
			isa = XCConfigurationList;
			buildConfigurations = (
				5534FDFA24ED627300088055 /* Debug */,
				5534FDFB24ED627300088055 /* Release */,
			);
			defaultConfigurationIsVisible = 0;
			defaultConfigurationName = Release;
		};
/* End XCConfigurationList section */

/* Begin XCVersionGroup section */
		5534FDEE24ED627100088055 /* Air.xcdatamodeld */ = {
			isa = XCVersionGroup;
			children = (
				5534FDEF24ED627100088055 /* Air.xcdatamodel */,
			);
			currentVersion = 5534FDEF24ED627100088055 /* Air.xcdatamodel */;
			path = Air.xcdatamodeld;
			sourceTree = "<group>";
			versionGroupType = wrapper.xcdatamodel;
		};
/* End XCVersionGroup section */
	};
	rootObject = 5534FDDA24ED627100088055 /* Project object */;
}
